
Microsoft Visual Studio Solution File, Format Version 12.00
# Visual Studio Version 16
VisualStudioVersion = 16.0.31515.178
MinimumVisualStudioVersion = 10.0.40219.1
Project("{9A19103F-16F7-4668-BE54-9A1E7A4F7556}") = "Oscetch.MonoGame.GuiComponent.DX", "Oscetch.MonoGame.GuiComponent\Oscetch.MonoGame.GuiComponent.DX.csproj", "{FE78662D-C010-47F7-A127-2DB5CCF705B1}"
EndProject
Global
	GlobalSection(SolutionConfigurationPlatforms) = preSolution
		Debug|Any CPU = Debug|Any CPU
		Release|Any CPU = Release|Any CPU
	EndGlobalSection
	GlobalSection(ProjectConfigurationPlatforms) = postSolution
		{FE78662D-C010-47F7-A127-2DB5CCF705B1}.Debug|Any CPU.ActiveCfg = Debug|Any CPU
		{FE78662D-C010-47F7-A127-2DB5CCF705B1}.Debug|Any CPU.Build.0 = Debug|Any CPU
		{FE78662D-C010-47F7-A127-2DB5CCF705B1}.Release|Any CPU.ActiveCfg = Release|Any CPU
		{FE78662D-C010-47F7-A127-2DB5CCF705B1}.Release|Any CPU.Build.0 = Release|Any CPU
	EndGlobalSection
	GlobalSection(SolutionProperties) = preSolution
		HideSolutionNode = FALSE
	EndGlobalSection
	GlobalSection(ExtensibilityGlobals) = postSolution
		SolutionGuid = {865F556C-B871-45C3-B051-F24E864F0123}
	EndGlobalSection
EndGlobal
