
Microsoft Visual Studio Solution File, Format Version 12.00
# Visual Studio Version 16
VisualStudioVersion = 16.0.28803.156
MinimumVisualStudioVersion = 10.0.40219.1
Project("{9A19103F-16F7-4668-BE54-9A1E7A4F7556}") = "Editor", "Editor\Editor.csproj", "{FD990210-B23B-44A8-A99D-7ECDD653E4CB}"
EndProject
Project("{9A19103F-16F7-4668-BE54-9A1E7A4F7556}") = "Oscetch.MonoGame.GuiComponent.DX", "..\Oscetch.MonoGame.GuiComponent\Oscetch.MonoGame.GuiComponent.DX.csproj", "{66173BB6-94B1-446B-9E1A-A3F4EECC59B5}"
EndProject
Project("{9A19103F-16F7-4668-BE54-9A1E7A4F7556}") = "TetrisClone", "..\TetrisClone\TetrisClone\TetrisClone.csproj", "{E5A1F457-A52C-45CD-B7B8-EF52924FB9A2}"
EndProject
Global
	GlobalSection(SolutionConfigurationPlatforms) = preSolution
		Debug|Any CPU = Debug|Any CPU
		Release|Any CPU = Release|Any CPU
	EndGlobalSection
	GlobalSection(ProjectConfigurationPlatforms) = postSolution
		{FD990210-B23B-44A8-A99D-7ECDD653E4CB}.Debug|Any CPU.ActiveCfg = Debug|Any CPU
		{FD990210-B23B-44A8-A99D-7ECDD653E4CB}.Debug|Any CPU.Build.0 = Debug|Any CPU
		{FD990210-B23B-44A8-A99D-7ECDD653E4CB}.Release|Any CPU.ActiveCfg = Release|Any CPU
		{FD990210-B23B-44A8-A99D-7ECDD653E4CB}.Release|Any CPU.Build.0 = Release|Any CPU
		{66173BB6-94B1-446B-9E1A-A3F4EECC59B5}.Debug|Any CPU.ActiveCfg = Debug|Any CPU
		{66173BB6-94B1-446B-9E1A-A3F4EECC59B5}.Debug|Any CPU.Build.0 = Debug|Any CPU
		{66173BB6-94B1-446B-9E1A-A3F4EECC59B5}.Release|Any CPU.ActiveCfg = Release|Any CPU
		{66173BB6-94B1-446B-9E1A-A3F4EECC59B5}.Release|Any CPU.Build.0 = Release|Any CPU
		{E5A1F457-A52C-45CD-B7B8-EF52924FB9A2}.Debug|Any CPU.ActiveCfg = Debug|Any CPU
		{E5A1F457-A52C-45CD-B7B8-EF52924FB9A2}.Debug|Any CPU.Build.0 = Debug|Any CPU
		{E5A1F457-A52C-45CD-B7B8-EF52924FB9A2}.Release|Any CPU.ActiveCfg = Release|Any CPU
		{E5A1F457-A52C-45CD-B7B8-EF52924FB9A2}.Release|Any CPU.Build.0 = Release|Any CPU
	EndGlobalSection
	GlobalSection(SolutionProperties) = preSolution
		HideSolutionNode = FALSE
	EndGlobalSection
	GlobalSection(ExtensibilityGlobals) = postSolution
		SolutionGuid = {AF68482C-85D0-4834-A849-BF32F9E51DC8}
	EndGlobalSection
EndGlobal
